
Microsoft Visual Studio Solution File, Format Version 12.00
# Visual Studio 15
VisualStudioVersion = 15.0.28010.2036
MinimumVisualStudioVersion = 10.0.40219.1
Project("{FAE04EC0-301F-11D3-BF4B-00C04F79EFBC}") = "MyApp", "MyApp\MyApp.csproj", "{AC037E6E-7C93-4F16-8EDB-A1869BB73C56}"
EndProject
Global
	GlobalSection(SolutionConfigurationPlatforms) = preSolution
		Debug|ARM = Debug|ARM
		Debug|x64 = Debug|x64
		Debug|x86 = Debug|x86
		Release|ARM = Release|ARM
		Release|x64 = Release|x64
		Release|x86 = Release|x86
	EndGlobalSection
	GlobalSection(ProjectConfigurationPlatforms) = postSolution
		{AC037E6E-7C93-4F16-8EDB-A1869BB73C56}.Debug|ARM.ActiveCfg = Debug|ARM
		{AC037E6E-7C93-4F16-8EDB-A1869BB73C56}.Debug|ARM.Build.0 = Debug|ARM
		{AC037E6E-7C93-4F16-8EDB-A1869BB73C56}.Debug|ARM.Deploy.0 = Debug|ARM
		{AC037E6E-7C93-4F16-8EDB-A1869BB73C56}.Debug|x64.ActiveCfg = Debug|x64
		{AC037E6E-7C93-4F16-8EDB-A1869BB73C56}.Debug|x64.Build.0 = Debug|x64
		{AC037E6E-7C93-4F16-8EDB-A1869BB73C56}.Debug|x64.Deploy.0 = Debug|x64
		{AC037E6E-7C93-4F16-8EDB-A1869BB73C56}.Debug|x86.ActiveCfg = Debug|x86
		{AC037E6E-7C93-4F16-8EDB-A1869BB73C56}.Debug|x86.Build.0 = Debug|x86
		{AC037E6E-7C93-4F16-8EDB-A1869BB73C56}.Debug|x86.Deploy.0 = Debug|x86
		{AC037E6E-7C93-4F16-8EDB-A1869BB73C56}.Release|ARM.ActiveCfg = Release|ARM
		{AC037E6E-7C93-4F16-8EDB-A1869BB73C56}.Release|ARM.Build.0 = Release|ARM
		{AC037E6E-7C93-4F16-8EDB-A1869BB73C56}.Release|ARM.Deploy.0 = Release|ARM
		{AC037E6E-7C93-4F16-8EDB-A1869BB73C56}.Release|x64.ActiveCfg = Release|x64
		{AC037E6E-7C93-4F16-8EDB-A1869BB73C56}.Release|x64.Build.0 = Release|x64
		{AC037E6E-7C93-4F16-8EDB-A1869BB73C56}.Release|x64.Deploy.0 = Release|x64
		{AC037E6E-7C93-4F16-8EDB-A1869BB73C56}.Release|x86.ActiveCfg = Release|x86
		{AC037E6E-7C93-4F16-8EDB-A1869BB73C56}.Release|x86.Build.0 = Release|x86
		{AC037E6E-7C93-4F16-8EDB-A1869BB73C56}.Release|x86.Deploy.0 = Release|x86
	EndGlobalSection
	GlobalSection(SolutionProperties) = preSolution
		HideSolutionNode = FALSE
	EndGlobalSection
	GlobalSection(ExtensibilityGlobals) = postSolution
		SolutionGuid = {C94BCD77-6A04-454A-9E73-48545F66DA68}
	EndGlobalSection
EndGlobal
